
Microsoft Visual Studio Solution File, Format Version 12.00
# Visual Studio Version 17
VisualStudioVersion = 17.14.36109.1
MinimumVisualStudioVersion = 10.0.40219.1
Project("{2150E333-8FDC-42A3-9474-1A3956D46DE8}") = "src", "src", "{2442C6B7-3FB8-4384-8E18-48C4EA69ECB3}"
EndProject
Project("{2150E333-8FDC-42A3-9474-1A3956D46DE8}") = "Examples", "Examples", "{3952D531-F700-4EB7-AB5A-110D59948ADA}"
	ProjectSection(SolutionItems) = preProject
		examples\README.md = examples\README.md
	EndProjectSection
EndProject
Project("{2150E333-8FDC-42A3-9474-1A3956D46DE8}") = "Clients", "Clients", "{A1B2C3D4-E5F6-7890-ABCD-111111111111}"
EndProject
Project("{2150E333-8FDC-42A3-9474-1A3956D46DE8}") = "Server", "Server", "{A1B2C3D4-E5F6-7890-ABCD-222222222222}"
EndProject
Project("{2150E333-8FDC-42A3-9474-1A3956D46DE8}") = "Modules", "Modules", "{A1B2C3D4-E5F6-7890-ABCD-333333333333}"
EndProject
Project("{2150E333-8FDC-42A3-9474-1A3956D46DE8}") = "Shared", "Shared", "{A1B2C3D4-E5F6-7890-ABCD-444444444444}"
EndProject
Project("{9A19103F-16F7-4668-BE54-9A1E7A4F7556}") = "SignalR.Topics", "src\SignalR.Topics.csproj", "{5BFC8F03-7FB3-4977-834B-CE386E6BFF5D}"
EndProject
Project("{9A19103F-16F7-4668-BE54-9A1E7A4F7556}") = "Shared", "examples\Shared\Shared.csproj", "{B1000001-0000-4000-8000-000000000001}"
EndProject
Project("{9A19103F-16F7-4668-BE54-9A1E7A4F7556}") = "Orders", "examples\Server\Modules\Orders\Orders.csproj", "{B1000001-0000-4000-8000-000000000003}"
EndProject
Project("{9A19103F-16F7-4668-BE54-9A1E7A4F7556}") = "App", "examples\Server\App\App.csproj", "{B1000001-0000-4000-8000-000000000004}"
EndProject
Project("{9A19103F-16F7-4668-BE54-9A1E7A4F7556}") = "CSharpClient", "examples\Clients\CSharpClient\CSharpClient.csproj", "{B1000001-0000-4000-8000-000000000005}"
EndProject
Project("{2150E333-8FDC-42A3-9474-1A3956D46DE8}") = "Solution Items", "Solution Items", "{8EC462FD-D22E-90A8-E5CE-7E832BA40C5D}"
	ProjectSection(SolutionItems) = preProject
		README.md = README.md
	EndProjectSection
EndProject
Project("{2150E333-8FDC-42A3-9474-1A3956D46DE8}") = "tests", "tests", "{C1000001-0000-4000-8000-000000000010}"
EndProject
Project("{9A19103F-16F7-4668-BE54-9A1E7A4F7556}") = "SignalR.Topics.Tests", "tests\SignalR.Topics.Tests\SignalR.Topics.Tests.csproj", "{C1000001-0000-4000-8000-000000000011}"
EndProject
Global
	GlobalSection(SolutionConfigurationPlatforms) = preSolution
		Debug|Any CPU = Debug|Any CPU
		Release|Any CPU = Release|Any CPU
	EndGlobalSection
	GlobalSection(ProjectConfigurationPlatforms) = postSolution
		{5BFC8F03-7FB3-4977-834B-CE386E6BFF5D}.Debug|Any CPU.ActiveCfg = Debug|Any CPU
		{5BFC8F03-7FB3-4977-834B-CE386E6BFF5D}.Debug|Any CPU.Build.0 = Debug|Any CPU
		{5BFC8F03-7FB3-4977-834B-CE386E6BFF5D}.Release|Any CPU.ActiveCfg = Release|Any CPU
		{5BFC8F03-7FB3-4977-834B-CE386E6BFF5D}.Release|Any CPU.Build.0 = Release|Any CPU
		{B1000001-0000-4000-8000-000000000001}.Debug|Any CPU.ActiveCfg = Debug|Any CPU
		{B1000001-0000-4000-8000-000000000001}.Debug|Any CPU.Build.0 = Debug|Any CPU
		{B1000001-0000-4000-8000-000000000001}.Release|Any CPU.ActiveCfg = Release|Any CPU
		{B1000001-0000-4000-8000-000000000001}.Release|Any CPU.Build.0 = Release|Any CPU
		{B1000001-0000-4000-8000-000000000003}.Debug|Any CPU.ActiveCfg = Debug|Any CPU
		{B1000001-0000-4000-8000-000000000003}.Debug|Any CPU.Build.0 = Debug|Any CPU
		{B1000001-0000-4000-8000-000000000003}.Release|Any CPU.ActiveCfg = Release|Any CPU
		{B1000001-0000-4000-8000-000000000003}.Release|Any CPU.Build.0 = Release|Any CPU
		{B1000001-0000-4000-8000-000000000004}.Debug|Any CPU.ActiveCfg = Debug|Any CPU
		{B1000001-0000-4000-8000-000000000004}.Debug|Any CPU.Build.0 = Debug|Any CPU
		{B1000001-0000-4000-8000-000000000004}.Release|Any CPU.ActiveCfg = Release|Any CPU
		{B1000001-0000-4000-8000-000000000004}.Release|Any CPU.Build.0 = Release|Any CPU
		{B1000001-0000-4000-8000-000000000005}.Debug|Any CPU.ActiveCfg = Debug|Any CPU
		{B1000001-0000-4000-8000-000000000005}.Debug|Any CPU.Build.0 = Debug|Any CPU
		{B1000001-0000-4000-8000-000000000005}.Release|Any CPU.ActiveCfg = Release|Any CPU
		{B1000001-0000-4000-8000-000000000005}.Release|Any CPU.Build.0 = Release|Any CPU
		{C1000001-0000-4000-8000-000000000011}.Debug|Any CPU.ActiveCfg = Debug|Any CPU
		{C1000001-0000-4000-8000-000000000011}.Debug|Any CPU.Build.0 = Debug|Any CPU
		{C1000001-0000-4000-8000-000000000011}.Release|Any CPU.ActiveCfg = Release|Any CPU
		{C1000001-0000-4000-8000-000000000011}.Release|Any CPU.Build.0 = Release|Any CPU
	EndGlobalSection
	GlobalSection(SolutionProperties) = preSolution
		HideSolutionNode = FALSE
	EndGlobalSection
	GlobalSection(NestedProjects) = preSolution
		{A1B2C3D4-E5F6-7890-ABCD-111111111111} = {3952D531-F700-4EB7-AB5A-110D59948ADA}
		{A1B2C3D4-E5F6-7890-ABCD-222222222222} = {3952D531-F700-4EB7-AB5A-110D59948ADA}
		{A1B2C3D4-E5F6-7890-ABCD-333333333333} = {A1B2C3D4-E5F6-7890-ABCD-222222222222}
		{A1B2C3D4-E5F6-7890-ABCD-444444444444} = {3952D531-F700-4EB7-AB5A-110D59948ADA}
		{5BFC8F03-7FB3-4977-834B-CE386E6BFF5D} = {2442C6B7-3FB8-4384-8E18-48C4EA69ECB3}
		{B1000001-0000-4000-8000-000000000001} = {A1B2C3D4-E5F6-7890-ABCD-444444444444}
		{B1000001-0000-4000-8000-000000000003} = {A1B2C3D4-E5F6-7890-ABCD-333333333333}
		{B1000001-0000-4000-8000-000000000004} = {A1B2C3D4-E5F6-7890-ABCD-222222222222}
		{B1000001-0000-4000-8000-000000000005} = {A1B2C3D4-E5F6-7890-ABCD-111111111111}
		{C1000001-0000-4000-8000-000000000011} = {C1000001-0000-4000-8000-000000000010}
	EndGlobalSection
	GlobalSection(ExtensibilityGlobals) = postSolution
		SolutionGuid = {E930CD75-F42F-4800-A03D-E22FB4A81223}
	EndGlobalSection
EndGlobal
